
Microsoft Visual Studio Solution File, Format Version 12.00
# Visual Studio Version 17
VisualStudioVersion = 17.9.34728.123
MinimumVisualStudioVersion = 10.0.40219.1
Project("{FAE04EC0-301F-11D3-BF4B-00C04F79EFBC}") = "Shared.API", "Shared.API\Shared.API.csproj", "{A11848CC-1AF8-4F1F-91BC-5928ECA6F883}"
EndProject
Project("{FAE04EC0-301F-11D3-BF4B-00C04F79EFBC}") = "Shared.Common", "Shared.Commond\Shared.Common.csproj", "{A0CD44AA-B789-46DB-A5A2-AD84A549E0AA}"
EndProject
Global
	GlobalSection(SolutionConfigurationPlatforms) = preSolution
		Debug|Any CPU = Debug|Any CPU
		Release|Any CPU = Release|Any CPU
	EndGlobalSection
	GlobalSection(ProjectConfigurationPlatforms) = postSolution
		{A11848CC-1AF8-4F1F-91BC-5928ECA6F883}.Debug|Any CPU.ActiveCfg = Debug|Any CPU
		{A11848CC-1AF8-4F1F-91BC-5928ECA6F883}.Debug|Any CPU.Build.0 = Debug|Any CPU
		{A11848CC-1AF8-4F1F-91BC-5928ECA6F883}.Release|Any CPU.ActiveCfg = Release|Any CPU
		{A11848CC-1AF8-4F1F-91BC-5928ECA6F883}.Release|Any CPU.Build.0 = Release|Any CPU
		{A0CD44AA-B789-46DB-A5A2-AD84A549E0AA}.Debug|Any CPU.ActiveCfg = Debug|Any CPU
		{A0CD44AA-B789-46DB-A5A2-AD84A549E0AA}.Debug|Any CPU.Build.0 = Debug|Any CPU
		{A0CD44AA-B789-46DB-A5A2-AD84A549E0AA}.Release|Any CPU.ActiveCfg = Release|Any CPU
		{A0CD44AA-B789-46DB-A5A2-AD84A549E0AA}.Release|Any CPU.Build.0 = Release|Any CPU
	EndGlobalSection
	GlobalSection(SolutionProperties) = preSolution
		HideSolutionNode = FALSE
	EndGlobalSection
	GlobalSection(ExtensibilityGlobals) = postSolution
		SolutionGuid = {515DB969-B55A-4F37-98C2-D629B4932BFE}
	EndGlobalSection
EndGlobal
